
Microsoft Visual Studio Solution File, Format Version 12.00
# Visual Studio Version 16
VisualStudioVersion = 16.0.28729.10
MinimumVisualStudioVersion = 10.0.40219.1
Project("{9A19103F-16F7-4668-BE54-9A1E7A4F7556}") = "SecurityDatabaseSync.DAL", "SecurityDatabaseSync.DAL\SecurityDatabaseSync.DAL.csproj", "{3A849E21-04BD-4436-AA3E-C726F04E51B9}"
EndProject
Project("{9A19103F-16F7-4668-BE54-9A1E7A4F7556}") = "SecurityDatabaseSync.BLL", "SecurityDatabaseSync.BLL\SecurityDatabaseSync.BLL.csproj", "{FF048829-1D0A-4DEC-B43F-F3ECCC8D9B7A}"
EndProject
Project("{9A19103F-16F7-4668-BE54-9A1E7A4F7556}") = "SecurityDatabaseSync.UI.ConsoleApp", "SecurityDatabaseSync.UI.ConsoleApp\SecurityDatabaseSync.UI.ConsoleApp.csproj", "{86FCE745-2A39-4494-824A-6A5828DC4323}"
EndProject
Project("{9A19103F-16F7-4668-BE54-9A1E7A4F7556}") = "SecurityDatabaseSync.Core", "SecurityDatabaseSync.Core\SecurityDatabaseSync.Core.csproj", "{FF4E2792-EBCB-42C1-A231-AF3073CD5C10}"
EndProject
Project("{FAE04EC0-301F-11D3-BF4B-00C04F79EFBC}") = "SecurityDatabaseSync.Tests", "SecurityDatabaseSync.Tests\SecurityDatabaseSync.Tests.csproj", "{B0FDD989-D455-435F-A024-C19932136D94}"
EndProject
Global
	GlobalSection(SolutionConfigurationPlatforms) = preSolution
		Debug|Any CPU = Debug|Any CPU
		Release|Any CPU = Release|Any CPU
	EndGlobalSection
	GlobalSection(ProjectConfigurationPlatforms) = postSolution
		{3A849E21-04BD-4436-AA3E-C726F04E51B9}.Debug|Any CPU.ActiveCfg = Debug|Any CPU
		{3A849E21-04BD-4436-AA3E-C726F04E51B9}.Debug|Any CPU.Build.0 = Debug|Any CPU
		{3A849E21-04BD-4436-AA3E-C726F04E51B9}.Release|Any CPU.ActiveCfg = Release|Any CPU
		{3A849E21-04BD-4436-AA3E-C726F04E51B9}.Release|Any CPU.Build.0 = Release|Any CPU
		{FF048829-1D0A-4DEC-B43F-F3ECCC8D9B7A}.Debug|Any CPU.ActiveCfg = Debug|Any CPU
		{FF048829-1D0A-4DEC-B43F-F3ECCC8D9B7A}.Debug|Any CPU.Build.0 = Debug|Any CPU
		{FF048829-1D0A-4DEC-B43F-F3ECCC8D9B7A}.Release|Any CPU.ActiveCfg = Release|Any CPU
		{FF048829-1D0A-4DEC-B43F-F3ECCC8D9B7A}.Release|Any CPU.Build.0 = Release|Any CPU
		{86FCE745-2A39-4494-824A-6A5828DC4323}.Debug|Any CPU.ActiveCfg = Debug|Any CPU
		{86FCE745-2A39-4494-824A-6A5828DC4323}.Debug|Any CPU.Build.0 = Debug|Any CPU
		{86FCE745-2A39-4494-824A-6A5828DC4323}.Release|Any CPU.ActiveCfg = Release|Any CPU
		{86FCE745-2A39-4494-824A-6A5828DC4323}.Release|Any CPU.Build.0 = Release|Any CPU
		{FF4E2792-EBCB-42C1-A231-AF3073CD5C10}.Debug|Any CPU.ActiveCfg = Debug|Any CPU
		{FF4E2792-EBCB-42C1-A231-AF3073CD5C10}.Debug|Any CPU.Build.0 = Debug|Any CPU
		{FF4E2792-EBCB-42C1-A231-AF3073CD5C10}.Release|Any CPU.ActiveCfg = Release|Any CPU
		{FF4E2792-EBCB-42C1-A231-AF3073CD5C10}.Release|Any CPU.Build.0 = Release|Any CPU
		{B0FDD989-D455-435F-A024-C19932136D94}.Debug|Any CPU.ActiveCfg = Debug|Any CPU
		{B0FDD989-D455-435F-A024-C19932136D94}.Debug|Any CPU.Build.0 = Debug|Any CPU
		{B0FDD989-D455-435F-A024-C19932136D94}.Release|Any CPU.ActiveCfg = Release|Any CPU
		{B0FDD989-D455-435F-A024-C19932136D94}.Release|Any CPU.Build.0 = Release|Any CPU
	EndGlobalSection
	GlobalSection(SolutionProperties) = preSolution
		HideSolutionNode = FALSE
	EndGlobalSection
	GlobalSection(ExtensibilityGlobals) = postSolution
		SolutionGuid = {C8D1AB5B-BEF1-4F8A-B558-81AC08C01CAD}
	EndGlobalSection
EndGlobal
